
Microsoft Visual Studio Solution File, Format Version 12.00
# Visual Studio Version 16
VisualStudioVersion = 16.0.29209.62
MinimumVisualStudioVersion = 10.0.40219.1
Project("{FAE04EC0-301F-11D3-BF4B-00C04F79EFBC}") = "DBModels", "DBModels\DBModels.csproj", "{33AA547D-64E4-4F39-A075-34B65E5B59A6}"
EndProject
Project("{FAE04EC0-301F-11D3-BF4B-00C04F79EFBC}") = "EntityFrameworkWrapper", "EntityFrameworkDBProvider\EntityFrameworkWrapper.csproj", "{E096A4B3-7C55-4288-96AD-2B6900907F99}"
EndProject
Project("{FAE04EC0-301F-11D3-BF4B-00C04F79EFBC}") = "Tester", "Tester\Tester.csproj", "{9A5A3AEC-3C58-4C11-BA7D-E905DD008100}"
	ProjectSection(ProjectDependencies) = postProject
		{339A520B-D47B-4993-B72B-07016DB35A47} = {339A520B-D47B-4993-B72B-07016DB35A47}
	EndProjectSection
EndProject
Project("{FAE04EC0-301F-11D3-BF4B-00C04F79EFBC}") = "Tools", "Tools\Tools.csproj", "{D4B484A1-55E9-4243-8AF6-61FD10DBFC41}"
EndProject
Project("{2150E333-8FDC-42A3-9474-1A3956D46DE8}") = "Server", "Server", "{141EF338-A1BF-4176-9960-3654584E374A}"
EndProject
Project("{FAE04EC0-301F-11D3-BF4B-00C04F79EFBC}") = "WalletSimulatorServerImplementation", "Server\WalletServiceImplementation\WalletSimulatorServerImplementation.csproj", "{979D7CCB-1EC0-439E-9C73-B4C0CBE2999B}"
EndProject
Project("{FAE04EC0-301F-11D3-BF4B-00C04F79EFBC}") = "WalletSimulatorWCFServerIIS", "Server\WalletSimulatorWCFServerIIS\WalletSimulatorWCFServerIIS.csproj", "{339A520B-D47B-4993-B72B-07016DB35A47}"
EndProject
Project("{FAE04EC0-301F-11D3-BF4B-00C04F79EFBC}") = "WalletSimulatorWCFServer", "Server\WCFServer\WalletSimulatorWCFServer.csproj", "{AFB5A142-C907-4719-9570-D5CB188D8EA0}"
EndProject
Project("{FAE04EC0-301F-11D3-BF4B-00C04F79EFBC}") = "WalletSimulatorServerInterface", "Server\WCFServerInterface\WalletSimulatorServerInterface.csproj", "{1D762E4C-1AAE-4608-BABD-38C8974E811B}"
EndProject
Project("{FAE04EC0-301F-11D3-BF4B-00C04F79EFBC}") = "WalletSimulatorRESTService", "WalletSimulatorRESTService\WalletSimulatorRESTService.csproj", "{7C6E69D2-085D-4371-8212-E748CC6A9975}"
EndProject
Global
	GlobalSection(SolutionConfigurationPlatforms) = preSolution
		Debug|Any CPU = Debug|Any CPU
		Release|Any CPU = Release|Any CPU
	EndGlobalSection
	GlobalSection(ProjectConfigurationPlatforms) = postSolution
		{33AA547D-64E4-4F39-A075-34B65E5B59A6}.Debug|Any CPU.ActiveCfg = Debug|Any CPU
		{33AA547D-64E4-4F39-A075-34B65E5B59A6}.Debug|Any CPU.Build.0 = Debug|Any CPU
		{33AA547D-64E4-4F39-A075-34B65E5B59A6}.Release|Any CPU.ActiveCfg = Release|Any CPU
		{33AA547D-64E4-4F39-A075-34B65E5B59A6}.Release|Any CPU.Build.0 = Release|Any CPU
		{E096A4B3-7C55-4288-96AD-2B6900907F99}.Debug|Any CPU.ActiveCfg = Debug|Any CPU
		{E096A4B3-7C55-4288-96AD-2B6900907F99}.Debug|Any CPU.Build.0 = Debug|Any CPU
		{E096A4B3-7C55-4288-96AD-2B6900907F99}.Release|Any CPU.ActiveCfg = Release|Any CPU
		{E096A4B3-7C55-4288-96AD-2B6900907F99}.Release|Any CPU.Build.0 = Release|Any CPU
		{9A5A3AEC-3C58-4C11-BA7D-E905DD008100}.Debug|Any CPU.ActiveCfg = Debug|Any CPU
		{9A5A3AEC-3C58-4C11-BA7D-E905DD008100}.Debug|Any CPU.Build.0 = Debug|Any CPU
		{9A5A3AEC-3C58-4C11-BA7D-E905DD008100}.Release|Any CPU.ActiveCfg = Release|Any CPU
		{9A5A3AEC-3C58-4C11-BA7D-E905DD008100}.Release|Any CPU.Build.0 = Release|Any CPU
		{D4B484A1-55E9-4243-8AF6-61FD10DBFC41}.Debug|Any CPU.ActiveCfg = Debug|Any CPU
		{D4B484A1-55E9-4243-8AF6-61FD10DBFC41}.Debug|Any CPU.Build.0 = Debug|Any CPU
		{D4B484A1-55E9-4243-8AF6-61FD10DBFC41}.Release|Any CPU.ActiveCfg = Release|Any CPU
		{D4B484A1-55E9-4243-8AF6-61FD10DBFC41}.Release|Any CPU.Build.0 = Release|Any CPU
		{979D7CCB-1EC0-439E-9C73-B4C0CBE2999B}.Debug|Any CPU.ActiveCfg = Debug|Any CPU
		{979D7CCB-1EC0-439E-9C73-B4C0CBE2999B}.Debug|Any CPU.Build.0 = Debug|Any CPU
		{979D7CCB-1EC0-439E-9C73-B4C0CBE2999B}.Release|Any CPU.ActiveCfg = Release|Any CPU
		{979D7CCB-1EC0-439E-9C73-B4C0CBE2999B}.Release|Any CPU.Build.0 = Release|Any CPU
		{339A520B-D47B-4993-B72B-07016DB35A47}.Debug|Any CPU.ActiveCfg = Debug|Any CPU
		{339A520B-D47B-4993-B72B-07016DB35A47}.Debug|Any CPU.Build.0 = Debug|Any CPU
		{339A520B-D47B-4993-B72B-07016DB35A47}.Release|Any CPU.ActiveCfg = Release|Any CPU
		{339A520B-D47B-4993-B72B-07016DB35A47}.Release|Any CPU.Build.0 = Release|Any CPU
		{AFB5A142-C907-4719-9570-D5CB188D8EA0}.Debug|Any CPU.ActiveCfg = Debug|Any CPU
		{AFB5A142-C907-4719-9570-D5CB188D8EA0}.Debug|Any CPU.Build.0 = Debug|Any CPU
		{AFB5A142-C907-4719-9570-D5CB188D8EA0}.Release|Any CPU.ActiveCfg = Release|Any CPU
		{AFB5A142-C907-4719-9570-D5CB188D8EA0}.Release|Any CPU.Build.0 = Release|Any CPU
		{1D762E4C-1AAE-4608-BABD-38C8974E811B}.Debug|Any CPU.ActiveCfg = Debug|Any CPU
		{1D762E4C-1AAE-4608-BABD-38C8974E811B}.Debug|Any CPU.Build.0 = Debug|Any CPU
		{1D762E4C-1AAE-4608-BABD-38C8974E811B}.Release|Any CPU.ActiveCfg = Release|Any CPU
		{1D762E4C-1AAE-4608-BABD-38C8974E811B}.Release|Any CPU.Build.0 = Release|Any CPU
		{7C6E69D2-085D-4371-8212-E748CC6A9975}.Debug|Any CPU.ActiveCfg = Debug|Any CPU
		{7C6E69D2-085D-4371-8212-E748CC6A9975}.Debug|Any CPU.Build.0 = Debug|Any CPU
		{7C6E69D2-085D-4371-8212-E748CC6A9975}.Release|Any CPU.ActiveCfg = Release|Any CPU
		{7C6E69D2-085D-4371-8212-E748CC6A9975}.Release|Any CPU.Build.0 = Release|Any CPU
	EndGlobalSection
	GlobalSection(SolutionProperties) = preSolution
		HideSolutionNode = FALSE
	EndGlobalSection
	GlobalSection(NestedProjects) = preSolution
		{979D7CCB-1EC0-439E-9C73-B4C0CBE2999B} = {141EF338-A1BF-4176-9960-3654584E374A}
		{339A520B-D47B-4993-B72B-07016DB35A47} = {141EF338-A1BF-4176-9960-3654584E374A}
		{AFB5A142-C907-4719-9570-D5CB188D8EA0} = {141EF338-A1BF-4176-9960-3654584E374A}
		{1D762E4C-1AAE-4608-BABD-38C8974E811B} = {141EF338-A1BF-4176-9960-3654584E374A}
		{7C6E69D2-085D-4371-8212-E748CC6A9975} = {141EF338-A1BF-4176-9960-3654584E374A}
	EndGlobalSection
	GlobalSection(ExtensibilityGlobals) = postSolution
		SolutionGuid = {888959C3-D2C3-4357-A84A-6CD2A65FA732}
	EndGlobalSection
EndGlobal
